// !$*UTF8*$!
{
	archiveVersion = 1;
	classes = {
	};
	objectVersion = 56;
	objects = {

/* Begin PBXBuildFile section */
		1A17227F28ED072A00E59BB2 /* AccretionView.swift in Sources */ = {isa = PBXBuildFile; fileRef = 1A17227E28ED072A00E59BB2 /* AccretionView.swift */; };
		1A47B1C928E3CD3E00645DDF /* SolarSystemGeneratorApp.swift in Sources */ = {isa = PBXBuildFile; fileRef = 1A47B1C828E3CD3E00645DDF /* SolarSystemGeneratorApp.swift */; };
		1A47B1CB28E3CD3E00645DDF /* ContentView.swift in Sources */ = {isa = PBXBuildFile; fileRef = 1A47B1CA28E3CD3E00645DDF /* ContentView.swift */; };
		1A47B1CD28E3CD3F00645DDF /* Assets.xcassets in Resources */ = {isa = PBXBuildFile; fileRef = 1A47B1CC28E3CD3F00645DDF /* Assets.xcassets */; };
		1A47B1D128E3CD3F00645DDF /* Preview Assets.xcassets in Resources */ = {isa = PBXBuildFile; fileRef = 1A47B1D028E3CD3F00645DDF /* Preview Assets.xcassets */; };
		1A47B1DB28E3CD3F00645DDF /* SolarSystemGeneratorTests.swift in Sources */ = {isa = PBXBuildFile; fileRef = 1A47B1DA28E3CD3F00645DDF /* SolarSystemGeneratorTests.swift */; };
		1A47B1E528E3CD3F00645DDF /* SolarSystemGeneratorUITests.swift in Sources */ = {isa = PBXBuildFile; fileRef = 1A47B1E428E3CD3F00645DDF /* SolarSystemGeneratorUITests.swift */; };
		1A47B1E728E3CD3F00645DDF /* SolarSystemGeneratorUITestsLaunchTests.swift in Sources */ = {isa = PBXBuildFile; fileRef = 1A47B1E628E3CD3F00645DDF /* SolarSystemGeneratorUITestsLaunchTests.swift */; };
		1A47B1F528E3CD8600645DDF /* SwiftVizScale in Frameworks */ = {isa = PBXBuildFile; productRef = 1A47B1F428E3CD8600645DDF /* SwiftVizScale */; };
		1A47B1F828E3CDD400645DDF /* SolarSystem in Frameworks */ = {isa = PBXBuildFile; productRef = 1A47B1F728E3CDD400645DDF /* SolarSystem */; };
		1ADE52D028EBC39400D8432E /* StarMassSelectorView.swift in Sources */ = {isa = PBXBuildFile; fileRef = 1ADE52CF28EBC39400D8432E /* StarMassSelectorView.swift */; };
/* End PBXBuildFile section */

/* Begin PBXContainerItemProxy section */
		1A47B1D728E3CD3F00645DDF /* PBXContainerItemProxy */ = {
			isa = PBXContainerItemProxy;
			containerPortal = 1A47B1BD28E3CD3E00645DDF /* Project object */;
			proxyType = 1;
			remoteGlobalIDString = 1A47B1C428E3CD3E00645DDF;
			remoteInfo = SolarSystemGenerator;
		};
		1A47B1E128E3CD3F00645DDF /* PBXContainerItemProxy */ = {
			isa = PBXContainerItemProxy;
			containerPortal = 1A47B1BD28E3CD3E00645DDF /* Project object */;
			proxyType = 1;
			remoteGlobalIDString = 1A47B1C428E3CD3E00645DDF;
			remoteInfo = SolarSystemGenerator;
		};
/* End PBXContainerItemProxy section */

/* Begin PBXFileReference section */
		1A17227E28ED072A00E59BB2 /* AccretionView.swift */ = {isa = PBXFileReference; lastKnownFileType = sourcecode.swift; path = AccretionView.swift; sourceTree = "<group>"; };
		1A47B1C528E3CD3E00645DDF /* SolarSystemGenerator.app */ = {isa = PBXFileReference; explicitFileType = wrapper.application; includeInIndex = 0; path = SolarSystemGenerator.app; sourceTree = BUILT_PRODUCTS_DIR; };
		1A47B1C828E3CD3E00645DDF /* SolarSystemGeneratorApp.swift */ = {isa = PBXFileReference; lastKnownFileType = sourcecode.swift; path = SolarSystemGeneratorApp.swift; sourceTree = "<group>"; };
		1A47B1CA28E3CD3E00645DDF /* ContentView.swift */ = {isa = PBXFileReference; lastKnownFileType = sourcecode.swift; path = ContentView.swift; sourceTree = "<group>"; };
		1A47B1CC28E3CD3F00645DDF /* Assets.xcassets */ = {isa = PBXFileReference; lastKnownFileType = folder.assetcatalog; path = Assets.xcassets; sourceTree = "<group>"; };
		1A47B1CE28E3CD3F00645DDF /* SolarSystemGenerator.entitlements */ = {isa = PBXFileReference; lastKnownFileType = text.plist.entitlements; path = SolarSystemGenerator.entitlements; sourceTree = "<group>"; };
		1A47B1D028E3CD3F00645DDF /* Preview Assets.xcassets */ = {isa = PBXFileReference; lastKnownFileType = folder.assetcatalog; path = "Preview Assets.xcassets"; sourceTree = "<group>"; };
		1A47B1D628E3CD3F00645DDF /* SolarSystemGeneratorTests.xctest */ = {isa = PBXFileReference; explicitFileType = wrapper.cfbundle; includeInIndex = 0; path = SolarSystemGeneratorTests.xctest; sourceTree = BUILT_PRODUCTS_DIR; };
		1A47B1DA28E3CD3F00645DDF /* SolarSystemGeneratorTests.swift */ = {isa = PBXFileReference; lastKnownFileType = sourcecode.swift; path = SolarSystemGeneratorTests.swift; sourceTree = "<group>"; };
		1A47B1E028E3CD3F00645DDF /* SolarSystemGeneratorUITests.xctest */ = {isa = PBXFileReference; explicitFileType = wrapper.cfbundle; includeInIndex = 0; path = SolarSystemGeneratorUITests.xctest; sourceTree = BUILT_PRODUCTS_DIR; };
		1A47B1E428E3CD3F00645DDF /* SolarSystemGeneratorUITests.swift */ = {isa = PBXFileReference; lastKnownFileType = sourcecode.swift; path = SolarSystemGeneratorUITests.swift; sourceTree = "<group>"; };
		1A47B1E628E3CD3F00645DDF /* SolarSystemGeneratorUITestsLaunchTests.swift */ = {isa = PBXFileReference; lastKnownFileType = sourcecode.swift; path = SolarSystemGeneratorUITestsLaunchTests.swift; sourceTree = "<group>"; };
		1A47B1FA28E3CE3C00645DDF /* SolarSystem */ = {isa = PBXFileReference; lastKnownFileType = wrapper; name = SolarSystem; path = ../..; sourceTree = "<group>"; };
		1ADE52CF28EBC39400D8432E /* StarMassSelectorView.swift */ = {isa = PBXFileReference; lastKnownFileType = sourcecode.swift; path = StarMassSelectorView.swift; sourceTree = "<group>"; };
/* End PBXFileReference section */

/* Begin PBXFrameworksBuildPhase section */
		1A47B1C228E3CD3E00645DDF /* Frameworks */ = {
			isa = PBXFrameworksBuildPhase;
			buildActionMask = 2147483647;
			files = (
				1A47B1F528E3CD8600645DDF /* SwiftVizScale in Frameworks */,
				1A47B1F828E3CDD400645DDF /* SolarSystem in Frameworks */,
			);
			runOnlyForDeploymentPostprocessing = 0;
		};
		1A47B1D328E3CD3F00645DDF /* Frameworks */ = {
			isa = PBXFrameworksBuildPhase;
			buildActionMask = 2147483647;
			files = (
			);
			runOnlyForDeploymentPostprocessing = 0;
		};
		1A47B1DD28E3CD3F00645DDF /* Frameworks */ = {
			isa = PBXFrameworksBuildPhase;
			buildActionMask = 2147483647;
			files = (
			);
			runOnlyForDeploymentPostprocessing = 0;
		};
/* End PBXFrameworksBuildPhase section */

/* Begin PBXGroup section */
		1A47B1BC28E3CD3E00645DDF = {
			isa = PBXGroup;
			children = (
				1A47B1F928E3CE3C00645DDF /* Packages */,
				1A47B1C728E3CD3E00645DDF /* SolarSystemGenerator */,
				1A47B1D928E3CD3F00645DDF /* SolarSystemGeneratorTests */,
				1A47B1E328E3CD3F00645DDF /* SolarSystemGeneratorUITests */,
				1A47B1C628E3CD3E00645DDF /* Products */,
			);
			sourceTree = "<group>";
		};
		1A47B1C628E3CD3E00645DDF /* Products */ = {
			isa = PBXGroup;
			children = (
				1A47B1C528E3CD3E00645DDF /* SolarSystemGenerator.app */,
				1A47B1D628E3CD3F00645DDF /* SolarSystemGeneratorTests.xctest */,
				1A47B1E028E3CD3F00645DDF /* SolarSystemGeneratorUITests.xctest */,
			);
			name = Products;
			sourceTree = "<group>";
		};
		1A47B1C728E3CD3E00645DDF /* SolarSystemGenerator */ = {
			isa = PBXGroup;
			children = (
				1A47B1C828E3CD3E00645DDF /* SolarSystemGeneratorApp.swift */,
				1A47B1CA28E3CD3E00645DDF /* ContentView.swift */,
				1A17227E28ED072A00E59BB2 /* AccretionView.swift */,
				1ADE52CF28EBC39400D8432E /* StarMassSelectorView.swift */,
				1A47B1CC28E3CD3F00645DDF /* Assets.xcassets */,
				1A47B1CE28E3CD3F00645DDF /* SolarSystemGenerator.entitlements */,
				1A47B1CF28E3CD3F00645DDF /* Preview Content */,
			);
			path = SolarSystemGenerator;
			sourceTree = "<group>";
		};
		1A47B1CF28E3CD3F00645DDF /* Preview Content */ = {
			isa = PBXGroup;
			children = (
				1A47B1D028E3CD3F00645DDF /* Preview Assets.xcassets */,
			);
			path = "Preview Content";
			sourceTree = "<group>";
		};
		1A47B1D928E3CD3F00645DDF /* SolarSystemGeneratorTests */ = {
			isa = PBXGroup;
			children = (
				1A47B1DA28E3CD3F00645DDF /* SolarSystemGeneratorTests.swift */,
			);
			path = SolarSystemGeneratorTests;
			sourceTree = "<group>";
		};
		1A47B1E328E3CD3F00645DDF /* SolarSystemGeneratorUITests */ = {
			isa = PBXGroup;
			children = (
				1A47B1E428E3CD3F00645DDF /* SolarSystemGeneratorUITests.swift */,
				1A47B1E628E3CD3F00645DDF /* SolarSystemGeneratorUITestsLaunchTests.swift */,
			);
			path = SolarSystemGeneratorUITests;
			sourceTree = "<group>";
		};
		1A47B1F928E3CE3C00645DDF /* Packages */ = {
			isa = PBXGroup;
			children = (
				1A47B1FA28E3CE3C00645DDF /* SolarSystem */,
			);
			name = Packages;
			sourceTree = "<group>";
		};
/* End PBXGroup section */

/* Begin PBXNativeTarget section */
		1A47B1C428E3CD3E00645DDF /* SolarSystemGenerator */ = {
			isa = PBXNativeTarget;
			buildConfigurationList = 1A47B1EA28E3CD3F00645DDF /* Build configuration list for PBXNativeTarget "SolarSystemGenerator" */;
			buildPhases = (
				1A47B1C128E3CD3E00645DDF /* Sources */,
				1A47B1C228E3CD3E00645DDF /* Frameworks */,
				1A47B1C328E3CD3E00645DDF /* Resources */,
			);
			buildRules = (
			);
			dependencies = (
			);
			name = SolarSystemGenerator;
			packageProductDependencies = (
				1A47B1F428E3CD8600645DDF /* SwiftVizScale */,
				1A47B1F728E3CDD400645DDF /* SolarSystem */,
			);
			productName = SolarSystemGenerator;
			productReference = 1A47B1C528E3CD3E00645DDF /* SolarSystemGenerator.app */;
			productType = "com.apple.product-type.application";
		};
		1A47B1D528E3CD3F00645DDF /* SolarSystemGeneratorTests */ = {
			isa = PBXNativeTarget;
			buildConfigurationList = 1A47B1ED28E3CD3F00645DDF /* Build configuration list for PBXNativeTarget "SolarSystemGeneratorTests" */;
			buildPhases = (
				1A47B1D228E3CD3F00645DDF /* Sources */,
				1A47B1D328E3CD3F00645DDF /* Frameworks */,
				1A47B1D428E3CD3F00645DDF /* Resources */,
			);
			buildRules = (
			);
			dependencies = (
				1A47B1D828E3CD3F00645DDF /* PBXTargetDependency */,
			);
			name = SolarSystemGeneratorTests;
			productName = SolarSystemGeneratorTests;
			productReference = 1A47B1D628E3CD3F00645DDF /* SolarSystemGeneratorTests.xctest */;
			productType = "com.apple.product-type.bundle.unit-test";
		};
		1A47B1DF28E3CD3F00645DDF /* SolarSystemGeneratorUITests */ = {
			isa = PBXNativeTarget;
			buildConfigurationList = 1A47B1F028E3CD3F00645DDF /* Build configuration list for PBXNativeTarget "SolarSystemGeneratorUITests" */;
			buildPhases = (
				1A47B1DC28E3CD3F00645DDF /* Sources */,
				1A47B1DD28E3CD3F00645DDF /* Frameworks */,
				1A47B1DE28E3CD3F00645DDF /* Resources */,
			);
			buildRules = (
			);
			dependencies = (
				1A47B1E228E3CD3F00645DDF /* PBXTargetDependency */,
			);
			name = SolarSystemGeneratorUITests;
			productName = SolarSystemGeneratorUITests;
			productReference = 1A47B1E028E3CD3F00645DDF /* SolarSystemGeneratorUITests.xctest */;
			productType = "com.apple.product-type.bundle.ui-testing";
		};
/* End PBXNativeTarget section */

/* Begin PBXProject section */
		1A47B1BD28E3CD3E00645DDF /* Project object */ = {
			isa = PBXProject;
			attributes = {
				BuildIndependentTargetsInParallel = 1;
				LastSwiftUpdateCheck = 1410;
				LastUpgradeCheck = 1410;
				TargetAttributes = {
					1A47B1C428E3CD3E00645DDF = {
						CreatedOnToolsVersion = 14.1;
					};
					1A47B1D528E3CD3F00645DDF = {
						CreatedOnToolsVersion = 14.1;
						TestTargetID = 1A47B1C428E3CD3E00645DDF;
					};
					1A47B1DF28E3CD3F00645DDF = {
						CreatedOnToolsVersion = 14.1;
						TestTargetID = 1A47B1C428E3CD3E00645DDF;
					};
				};
			};
			buildConfigurationList = 1A47B1C028E3CD3E00645DDF /* Build configuration list for PBXProject "SolarSystemGenerator" */;
			compatibilityVersion = "Xcode 14.0";
			developmentRegion = en;
			hasScannedForEncodings = 0;
			knownRegions = (
				en,
				Base,
			);
			mainGroup = 1A47B1BC28E3CD3E00645DDF;
			packageReferences = (
				1A47B1F328E3CD8600645DDF /* XCRemoteSwiftPackageReference "Scale" */,
				1A47B1F628E3CDD400645DDF /* XCRemoteSwiftPackageReference "SolarSystem" */,
			);
			productRefGroup = 1A47B1C628E3CD3E00645DDF /* Products */;
			projectDirPath = "";
			projectRoot = "";
			targets = (
				1A47B1C428E3CD3E00645DDF /* SolarSystemGenerator */,
				1A47B1D528E3CD3F00645DDF /* SolarSystemGeneratorTests */,
				1A47B1DF28E3CD3F00645DDF /* SolarSystemGeneratorUITests */,
			);
		};
/* End PBXProject section */

/* Begin PBXResourcesBuildPhase section */
		1A47B1C328E3CD3E00645DDF /* Resources */ = {
			isa = PBXResourcesBuildPhase;
			buildActionMask = 2147483647;
			files = (
				1A47B1D128E3CD3F00645DDF /* Preview Assets.xcassets in Resources */,
				1A47B1CD28E3CD3F00645DDF /* Assets.xcassets in Resources */,
			);
			runOnlyForDeploymentPostprocessing = 0;
		};
		1A47B1D428E3CD3F00645DDF /* Resources */ = {
			isa = PBXResourcesBuildPhase;
			buildActionMask = 2147483647;
			files = (
			);
			runOnlyForDeploymentPostprocessing = 0;
		};
		1A47B1DE28E3CD3F00645DDF /* Resources */ = {
			isa = PBXResourcesBuildPhase;
			buildActionMask = 2147483647;
			files = (
			);
			runOnlyForDeploymentPostprocessing = 0;
		};
/* End PBXResourcesBuildPhase section */

/* Begin PBXSourcesBuildPhase section */
		1A47B1C128E3CD3E00645DDF /* Sources */ = {
			isa = PBXSourcesBuildPhase;
			buildActionMask = 2147483647;
			files = (
				1A47B1CB28E3CD3E00645DDF /* ContentView.swift in Sources */,
				1A17227F28ED072A00E59BB2 /* AccretionView.swift in Sources */,
				1A47B1C928E3CD3E00645DDF /* SolarSystemGeneratorApp.swift in Sources */,
				1ADE52D028EBC39400D8432E /* StarMassSelectorView.swift in Sources */,
			);
			runOnlyForDeploymentPostprocessing = 0;
		};
		1A47B1D228E3CD3F00645DDF /* Sources */ = {
			isa = PBXSourcesBuildPhase;
			buildActionMask = 2147483647;
			files = (
				1A47B1DB28E3CD3F00645DDF /* SolarSystemGeneratorTests.swift in Sources */,
			);
			runOnlyForDeploymentPostprocessing = 0;
		};
		1A47B1DC28E3CD3F00645DDF /* Sources */ = {
			isa = PBXSourcesBuildPhase;
			buildActionMask = 2147483647;
			files = (
				1A47B1E528E3CD3F00645DDF /* SolarSystemGeneratorUITests.swift in Sources */,
				1A47B1E728E3CD3F00645DDF /* SolarSystemGeneratorUITestsLaunchTests.swift in Sources */,
			);
			runOnlyForDeploymentPostprocessing = 0;
		};
/* End PBXSourcesBuildPhase section */

/* Begin PBXTargetDependency section */
		1A47B1D828E3CD3F00645DDF /* PBXTargetDependency */ = {
			isa = PBXTargetDependency;
			target = 1A47B1C428E3CD3E00645DDF /* SolarSystemGenerator */;
			targetProxy = 1A47B1D728E3CD3F00645DDF /* PBXContainerItemProxy */;
		};
		1A47B1E228E3CD3F00645DDF /* PBXTargetDependency */ = {
			isa = PBXTargetDependency;
			target = 1A47B1C428E3CD3E00645DDF /* SolarSystemGenerator */;
			targetProxy = 1A47B1E128E3CD3F00645DDF /* PBXContainerItemProxy */;
		};
/* End PBXTargetDependency section */

/* Begin XCBuildConfiguration section */
		1A47B1E828E3CD3F00645DDF /* Debug */ = {
			isa = XCBuildConfiguration;
			buildSettings = {
				ALWAYS_SEARCH_USER_PATHS = NO;
				CLANG_ANALYZER_NONNULL = YES;
				CLANG_ANALYZER_NUMBER_OBJECT_CONVERSION = YES_AGGRESSIVE;
				CLANG_CXX_LANGUAGE_STANDARD = "gnu++20";
				CLANG_ENABLE_MODULES = YES;
				CLANG_ENABLE_OBJC_ARC = YES;
				CLANG_ENABLE_OBJC_WEAK = YES;
				CLANG_WARN_BLOCK_CAPTURE_AUTORELEASING = YES;
				CLANG_WARN_BOOL_CONVERSION = YES;
				CLANG_WARN_COMMA = YES;
				CLANG_WARN_CONSTANT_CONVERSION = YES;
				CLANG_WARN_DEPRECATED_OBJC_IMPLEMENTATIONS = YES;
				CLANG_WARN_DIRECT_OBJC_ISA_USAGE = YES_ERROR;
				CLANG_WARN_DOCUMENTATION_COMMENTS = YES;
				CLANG_WARN_EMPTY_BODY = YES;
				CLANG_WARN_ENUM_CONVERSION = YES;
				CLANG_WARN_INFINITE_RECURSION = YES;
				CLANG_WARN_INT_CONVERSION = YES;
				CLANG_WARN_NON_LITERAL_NULL_CONVERSION = YES;
				CLANG_WARN_OBJC_IMPLICIT_RETAIN_SELF = YES;
				CLANG_WARN_OBJC_LITERAL_CONVERSION = YES;
				CLANG_WARN_OBJC_ROOT_CLASS = YES_ERROR;
				CLANG_WARN_QUOTED_INCLUDE_IN_FRAMEWORK_HEADER = YES;
				CLANG_WARN_RANGE_LOOP_ANALYSIS = YES;
				CLANG_WARN_STRICT_PROTOTYPES = YES;
				CLANG_WARN_SUSPICIOUS_MOVE = YES;
				CLANG_WARN_UNGUARDED_AVAILABILITY = YES_AGGRESSIVE;
				CLANG_WARN_UNREACHABLE_CODE = YES;
				CLANG_WARN__DUPLICATE_METHOD_MATCH = YES;
				COPY_PHASE_STRIP = NO;
				DEBUG_INFORMATION_FORMAT = dwarf;
				ENABLE_STRICT_OBJC_MSGSEND = YES;
				ENABLE_TESTABILITY = YES;
				GCC_C_LANGUAGE_STANDARD = gnu11;
				GCC_DYNAMIC_NO_PIC = NO;
				GCC_NO_COMMON_BLOCKS = YES;
				GCC_OPTIMIZATION_LEVEL = 0;
				GCC_PREPROCESSOR_DEFINITIONS = (
					"DEBUG=1",
					"$(inherited)",
				);
				GCC_WARN_64_TO_32_BIT_CONVERSION = YES;
				GCC_WARN_ABOUT_RETURN_TYPE = YES_ERROR;
				GCC_WARN_UNDECLARED_SELECTOR = YES;
				GCC_WARN_UNINITIALIZED_AUTOS = YES_AGGRESSIVE;
				GCC_WARN_UNUSED_FUNCTION = YES;
				GCC_WARN_UNUSED_VARIABLE = YES;
				MTL_ENABLE_DEBUG_INFO = INCLUDE_SOURCE;
				MTL_FAST_MATH = YES;
				ONLY_ACTIVE_ARCH = YES;
				SWIFT_ACTIVE_COMPILATION_CONDITIONS = DEBUG;
				SWIFT_OPTIMIZATION_LEVEL = "-Onone";
			};
			name = Debug;
		};
		1A47B1E928E3CD3F00645DDF /* Release */ = {
			isa = XCBuildConfiguration;
			buildSettings = {
				ALWAYS_SEARCH_USER_PATHS = NO;
				CLANG_ANALYZER_NONNULL = YES;
				CLANG_ANALYZER_NUMBER_OBJECT_CONVERSION = YES_AGGRESSIVE;
				CLANG_CXX_LANGUAGE_STANDARD = "gnu++20";
				CLANG_ENABLE_MODULES = YES;
				CLANG_ENABLE_OBJC_ARC = YES;
				CLANG_ENABLE_OBJC_WEAK = YES;
				CLANG_WARN_BLOCK_CAPTURE_AUTORELEASING = YES;
				CLANG_WARN_BOOL_CONVERSION = YES;
				CLANG_WARN_COMMA = YES;
				CLANG_WARN_CONSTANT_CONVERSION = YES;
				CLANG_WARN_DEPRECATED_OBJC_IMPLEMENTATIONS = YES;
				CLANG_WARN_DIRECT_OBJC_ISA_USAGE = YES_ERROR;
				CLANG_WARN_DOCUMENTATION_COMMENTS = YES;
				CLANG_WARN_EMPTY_BODY = YES;
				CLANG_WARN_ENUM_CONVERSION = YES;
				CLANG_WARN_INFINITE_RECURSION = YES;
				CLANG_WARN_INT_CONVERSION = YES;
				CLANG_WARN_NON_LITERAL_NULL_CONVERSION = YES;
				CLANG_WARN_OBJC_IMPLICIT_RETAIN_SELF = YES;
				CLANG_WARN_OBJC_LITERAL_CONVERSION = YES;
				CLANG_WARN_OBJC_ROOT_CLASS = YES_ERROR;
				CLANG_WARN_QUOTED_INCLUDE_IN_FRAMEWORK_HEADER = YES;
				CLANG_WARN_RANGE_LOOP_ANALYSIS = YES;
				CLANG_WARN_STRICT_PROTOTYPES = YES;
				CLANG_WARN_SUSPICIOUS_MOVE = YES;
				CLANG_WARN_UNGUARDED_AVAILABILITY = YES_AGGRESSIVE;
				CLANG_WARN_UNREACHABLE_CODE = YES;
				CLANG_WARN__DUPLICATE_METHOD_MATCH = YES;
				COPY_PHASE_STRIP = NO;
				DEBUG_INFORMATION_FORMAT = "dwarf-with-dsym";
				ENABLE_NS_ASSERTIONS = NO;
				ENABLE_STRICT_OBJC_MSGSEND = YES;
				GCC_C_LANGUAGE_STANDARD = gnu11;
				GCC_NO_COMMON_BLOCKS = YES;
				GCC_WARN_64_TO_32_BIT_CONVERSION = YES;
				GCC_WARN_ABOUT_RETURN_TYPE = YES_ERROR;
				GCC_WARN_UNDECLARED_SELECTOR = YES;
				GCC_WARN_UNINITIALIZED_AUTOS = YES_AGGRESSIVE;
				GCC_WARN_UNUSED_FUNCTION = YES;
				GCC_WARN_UNUSED_VARIABLE = YES;
				MTL_ENABLE_DEBUG_INFO = NO;
				MTL_FAST_MATH = YES;
				SWIFT_COMPILATION_MODE = wholemodule;
				SWIFT_OPTIMIZATION_LEVEL = "-O";
			};
			name = Release;
		};
		1A47B1EB28E3CD3F00645DDF /* Debug */ = {
			isa = XCBuildConfiguration;
			buildSettings = {
				ASSETCATALOG_COMPILER_APPICON_NAME = AppIcon;
				ASSETCATALOG_COMPILER_GLOBAL_ACCENT_COLOR_NAME = AccentColor;
				CODE_SIGN_ENTITLEMENTS = SolarSystemGenerator/SolarSystemGenerator.entitlements;
				CODE_SIGN_STYLE = Automatic;
				CURRENT_PROJECT_VERSION = 1;
				DEVELOPMENT_ASSET_PATHS = "\"SolarSystemGenerator/Preview Content\"";
				DEVELOPMENT_TEAM = BDV4VC27D3;
				ENABLE_HARDENED_RUNTIME = YES;
				ENABLE_PREVIEWS = YES;
				GENERATE_INFOPLIST_FILE = YES;
				"INFOPLIST_KEY_UIApplicationSceneManifest_Generation[sdk=iphoneos*]" = YES;
				"INFOPLIST_KEY_UIApplicationSceneManifest_Generation[sdk=iphonesimulator*]" = YES;
				"INFOPLIST_KEY_UIApplicationSupportsIndirectInputEvents[sdk=iphoneos*]" = YES;
				"INFOPLIST_KEY_UIApplicationSupportsIndirectInputEvents[sdk=iphonesimulator*]" = YES;
				"INFOPLIST_KEY_UILaunchScreen_Generation[sdk=iphoneos*]" = YES;
				"INFOPLIST_KEY_UILaunchScreen_Generation[sdk=iphonesimulator*]" = YES;
				"INFOPLIST_KEY_UIStatusBarStyle[sdk=iphoneos*]" = UIStatusBarStyleDefault;
				"INFOPLIST_KEY_UIStatusBarStyle[sdk=iphonesimulator*]" = UIStatusBarStyleDefault;
				INFOPLIST_KEY_UISupportedInterfaceOrientations_iPad = "UIInterfaceOrientationPortrait UIInterfaceOrientationPortraitUpsideDown UIInterfaceOrientationLandscapeLeft UIInterfaceOrientationLandscapeRight";
				INFOPLIST_KEY_UISupportedInterfaceOrientations_iPhone = "UIInterfaceOrientationPortrait UIInterfaceOrientationLandscapeLeft UIInterfaceOrientationLandscapeRight";
				IPHONEOS_DEPLOYMENT_TARGET = 16.1;
				LD_RUNPATH_SEARCH_PATHS = "@executable_path/Frameworks";
				"LD_RUNPATH_SEARCH_PATHS[sdk=macosx*]" = "@executable_path/../Frameworks";
				MACOSX_DEPLOYMENT_TARGET = 12.6;
				MARKETING_VERSION = 1.0;
				PRODUCT_BUNDLE_IDENTIFIER = com.rhonabwy.SolarSystemGenerator;
				PRODUCT_NAME = "$(TARGET_NAME)";
				SDKROOT = auto;
				SUPPORTED_PLATFORMS = "iphoneos iphonesimulator macosx";
				SWIFT_EMIT_LOC_STRINGS = YES;
				SWIFT_VERSION = 5.0;
				TARGETED_DEVICE_FAMILY = "1,2";
			};
			name = Debug;
		};
		1A47B1EC28E3CD3F00645DDF /* Release */ = {
			isa = XCBuildConfiguration;
			buildSettings = {
				ASSETCATALOG_COMPILER_APPICON_NAME = AppIcon;
				ASSETCATALOG_COMPILER_GLOBAL_ACCENT_COLOR_NAME = AccentColor;
				CODE_SIGN_ENTITLEMENTS = SolarSystemGenerator/SolarSystemGenerator.entitlements;
				CODE_SIGN_STYLE = Automatic;
				CURRENT_PROJECT_VERSION = 1;
				DEVELOPMENT_ASSET_PATHS = "\"SolarSystemGenerator/Preview Content\"";
				DEVELOPMENT_TEAM = BDV4VC27D3;
				ENABLE_HARDENED_RUNTIME = YES;
				ENABLE_PREVIEWS = YES;
				GENERATE_INFOPLIST_FILE = YES;
				"INFOPLIST_KEY_UIApplicationSceneManifest_Generation[sdk=iphoneos*]" = YES;
				"INFOPLIST_KEY_UIApplicationSceneManifest_Generation[sdk=iphonesimulator*]" = YES;
				"INFOPLIST_KEY_UIApplicationSupportsIndirectInputEvents[sdk=iphoneos*]" = YES;
				"INFOPLIST_KEY_UIApplicationSupportsIndirectInputEvents[sdk=iphonesimulator*]" = YES;
				"INFOPLIST_KEY_UILaunchScreen_Generation[sdk=iphoneos*]" = YES;
				"INFOPLIST_KEY_UILaunchScreen_Generation[sdk=iphonesimulator*]" = YES;
				"INFOPLIST_KEY_UIStatusBarStyle[sdk=iphoneos*]" = UIStatusBarStyleDefault;
				"INFOPLIST_KEY_UIStatusBarStyle[sdk=iphonesimulator*]" = UIStatusBarStyleDefault;
				INFOPLIST_KEY_UISupportedInterfaceOrientations_iPad = "UIInterfaceOrientationPortrait UIInterfaceOrientationPortraitUpsideDown UIInterfaceOrientationLandscapeLeft UIInterfaceOrientationLandscapeRight";
				INFOPLIST_KEY_UISupportedInterfaceOrientations_iPhone = "UIInterfaceOrientationPortrait UIInterfaceOrientationLandscapeLeft UIInterfaceOrientationLandscapeRight";
				IPHONEOS_DEPLOYMENT_TARGET = 16.1;
				LD_RUNPATH_SEARCH_PATHS = "@executable_path/Frameworks";
				"LD_RUNPATH_SEARCH_PATHS[sdk=macosx*]" = "@executable_path/../Frameworks";
				MACOSX_DEPLOYMENT_TARGET = 12.6;
				MARKETING_VERSION = 1.0;
				PRODUCT_BUNDLE_IDENTIFIER = com.rhonabwy.SolarSystemGenerator;
				PRODUCT_NAME = "$(TARGET_NAME)";
				SDKROOT = auto;
				SUPPORTED_PLATFORMS = "iphoneos iphonesimulator macosx";
				SWIFT_EMIT_LOC_STRINGS = YES;
				SWIFT_VERSION = 5.0;
				TARGETED_DEVICE_FAMILY = "1,2";
			};
			name = Release;
		};
		1A47B1EE28E3CD3F00645DDF /* Debug */ = {
			isa = XCBuildConfiguration;
			buildSettings = {
				ALWAYS_EMBED_SWIFT_STANDARD_LIBRARIES = YES;
				BUNDLE_LOADER = "$(TEST_HOST)";
				CODE_SIGN_STYLE = Automatic;
				CURRENT_PROJECT_VERSION = 1;
				DEVELOPMENT_TEAM = BDV4VC27D3;
				GENERATE_INFOPLIST_FILE = YES;
				IPHONEOS_DEPLOYMENT_TARGET = 16.1;
				MACOSX_DEPLOYMENT_TARGET = 12.6;
				MARKETING_VERSION = 1.0;
				PRODUCT_BUNDLE_IDENTIFIER = com.rhonabwy.SolarSystemGeneratorTests;
				PRODUCT_NAME = "$(TARGET_NAME)";
				SDKROOT = auto;
				SUPPORTED_PLATFORMS = "iphoneos iphonesimulator macosx";
				SWIFT_EMIT_LOC_STRINGS = NO;
				SWIFT_VERSION = 5.0;
				TARGETED_DEVICE_FAMILY = "1,2";
				TEST_HOST = "$(BUILT_PRODUCTS_DIR)/SolarSystemGenerator.app/$(BUNDLE_EXECUTABLE_FOLDER_PATH)/SolarSystemGenerator";
			};
			name = Debug;
		};
		1A47B1EF28E3CD3F00645DDF /* Release */ = {
			isa = XCBuildConfiguration;
			buildSettings = {
				ALWAYS_EMBED_SWIFT_STANDARD_LIBRARIES = YES;
				BUNDLE_LOADER = "$(TEST_HOST)";
				CODE_SIGN_STYLE = Automatic;
				CURRENT_PROJECT_VERSION = 1;
				DEVELOPMENT_TEAM = BDV4VC27D3;
				GENERATE_INFOPLIST_FILE = YES;
				IPHONEOS_DEPLOYMENT_TARGET = 16.1;
				MACOSX_DEPLOYMENT_TARGET = 12.6;
				MARKETING_VERSION = 1.0;
				PRODUCT_BUNDLE_IDENTIFIER = com.rhonabwy.SolarSystemGeneratorTests;
				PRODUCT_NAME = "$(TARGET_NAME)";
				SDKROOT = auto;
				SUPPORTED_PLATFORMS = "iphoneos iphonesimulator macosx";
				SWIFT_EMIT_LOC_STRINGS = NO;
				SWIFT_VERSION = 5.0;
				TARGETED_DEVICE_FAMILY = "1,2";
				TEST_HOST = "$(BUILT_PRODUCTS_DIR)/SolarSystemGenerator.app/$(BUNDLE_EXECUTABLE_FOLDER_PATH)/SolarSystemGenerator";
			};
			name = Release;
		};
		1A47B1F128E3CD3F00645DDF /* Debug */ = {
			isa = XCBuildConfiguration;
			buildSettings = {
				ALWAYS_EMBED_SWIFT_STANDARD_LIBRARIES = YES;
				CODE_SIGN_STYLE = Automatic;
				CURRENT_PROJECT_VERSION = 1;
				DEVELOPMENT_TEAM = BDV4VC27D3;
				GENERATE_INFOPLIST_FILE = YES;
				IPHONEOS_DEPLOYMENT_TARGET = 16.1;
				MACOSX_DEPLOYMENT_TARGET = 12.6;
				MARKETING_VERSION = 1.0;
				PRODUCT_BUNDLE_IDENTIFIER = com.rhonabwy.SolarSystemGeneratorUITests;
				PRODUCT_NAME = "$(TARGET_NAME)";
				SDKROOT = auto;
				SUPPORTED_PLATFORMS = "iphoneos iphonesimulator macosx";
				SWIFT_EMIT_LOC_STRINGS = NO;
				SWIFT_VERSION = 5.0;
				TARGETED_DEVICE_FAMILY = "1,2";
				TEST_TARGET_NAME = SolarSystemGenerator;
			};
			name = Debug;
		};
		1A47B1F228E3CD3F00645DDF /* Release */ = {
			isa = XCBuildConfiguration;
			buildSettings = {
				ALWAYS_EMBED_SWIFT_STANDARD_LIBRARIES = YES;
				CODE_SIGN_STYLE = Automatic;
				CURRENT_PROJECT_VERSION = 1;
				DEVELOPMENT_TEAM = BDV4VC27D3;
				GENERATE_INFOPLIST_FILE = YES;
				IPHONEOS_DEPLOYMENT_TARGET = 16.1;
				MACOSX_DEPLOYMENT_TARGET = 12.6;
				MARKETING_VERSION = 1.0;
				PRODUCT_BUNDLE_IDENTIFIER = com.rhonabwy.SolarSystemGeneratorUITests;
				PRODUCT_NAME = "$(TARGET_NAME)";
				SDKROOT = auto;
				SUPPORTED_PLATFORMS = "iphoneos iphonesimulator macosx";
				SWIFT_EMIT_LOC_STRINGS = NO;
				SWIFT_VERSION = 5.0;
				TARGETED_DEVICE_FAMILY = "1,2";
				TEST_TARGET_NAME = SolarSystemGenerator;
			};
			name = Release;
		};
/* End XCBuildConfiguration section */

/* Begin XCConfigurationList section */
		1A47B1C028E3CD3E00645DDF /* Build configuration list for PBXProject "SolarSystemGenerator" */ = {
			isa = XCConfigurationList;
			buildConfigurations = (
				1A47B1E828E3CD3F00645DDF /* Debug */,
				1A47B1E928E3CD3F00645DDF /* Release */,
			);
			defaultConfigurationIsVisible = 0;
			defaultConfigurationName = Release;
		};
		1A47B1EA28E3CD3F00645DDF /* Build configuration list for PBXNativeTarget "SolarSystemGenerator" */ = {
			isa = XCConfigurationList;
			buildConfigurations = (
				1A47B1EB28E3CD3F00645DDF /* Debug */,
				1A47B1EC28E3CD3F00645DDF /* Release */,
			);
			defaultConfigurationIsVisible = 0;
			defaultConfigurationName = Release;
		};
		1A47B1ED28E3CD3F00645DDF /* Build configuration list for PBXNativeTarget "SolarSystemGeneratorTests" */ = {
			isa = XCConfigurationList;
			buildConfigurations = (
				1A47B1EE28E3CD3F00645DDF /* Debug */,
				1A47B1EF28E3CD3F00645DDF /* Release */,
			);
			defaultConfigurationIsVisible = 0;
			defaultConfigurationName = Release;
		};
		1A47B1F028E3CD3F00645DDF /* Build configuration list for PBXNativeTarget "SolarSystemGeneratorUITests" */ = {
			isa = XCConfigurationList;
			buildConfigurations = (
				1A47B1F128E3CD3F00645DDF /* Debug */,
				1A47B1F228E3CD3F00645DDF /* Release */,
			);
			defaultConfigurationIsVisible = 0;
			defaultConfigurationName = Release;
		};
/* End XCConfigurationList section */

/* Begin XCRemoteSwiftPackageReference section */
		1A47B1F328E3CD8600645DDF /* XCRemoteSwiftPackageReference "Scale" */ = {
			isa = XCRemoteSwiftPackageReference;
			repositoryURL = "https://github.com/swiftviz/Scale";
			requirement = {
				kind = upToNextMajorVersion;
				minimumVersion = 0.7.5;
			};
		};
		1A47B1F628E3CDD400645DDF /* XCRemoteSwiftPackageReference "SolarSystem" */ = {
			isa = XCRemoteSwiftPackageReference;
			repositoryURL = "https://github.com/heckj/SolarSystem";
			requirement = {
				branch = main;
				kind = branch;
			};
		};
/* End XCRemoteSwiftPackageReference section */

/* Begin XCSwiftPackageProductDependency section */
		1A47B1F428E3CD8600645DDF /* SwiftVizScale */ = {
			isa = XCSwiftPackageProductDependency;
			package = 1A47B1F328E3CD8600645DDF /* XCRemoteSwiftPackageReference "Scale" */;
			productName = SwiftVizScale;
		};
		1A47B1F728E3CDD400645DDF /* SolarSystem */ = {
			isa = XCSwiftPackageProductDependency;
			package = 1A47B1F628E3CDD400645DDF /* XCRemoteSwiftPackageReference "SolarSystem" */;
			productName = SolarSystem;
		};
/* End XCSwiftPackageProductDependency section */
	};
	rootObject = 1A47B1BD28E3CD3E00645DDF /* Project object */;
}
